{
  "name": "worldskills-ceremonies",
  "version": "1.0.0",
  "lockfileVersion": 1,
  "requires": true,
  "dependencies": {
    "@worldskills/bootstrap": {
      "version": "4.3.3",
      "resolved": "https://registry.npmjs.org/@worldskills/bootstrap/-/bootstrap-4.3.3.tgz",
      "integrity": "sha512-YlsVhEGxJ8UTGQkJvLqaN4pcnrsOOpPuKWaXPtEWWsL9H0ViKLJiAxGnYxx34xR/hHH1JlXUp2mYjR3JmjnSoQ==",
      "requires": {
        "bootstrap": "^4.3.1"
      }
    },
    "angular": {
      "version": "1.5.11",
      "resolved": "https://registry.npmjs.org/angular/-/angular-1.5.11.tgz",
      "integrity": "sha1-jFunOG8VllyazzQp9ogVU6raMNY="
    },
    "bootstrap": {
      "version": "4.3.1",
      "resolved": "https://registry.npmjs.org/bootstrap/-/bootstrap-4.3.1.tgz",
      "integrity": "sha512-rXqOmH1VilAt2DyPzluTi2blhk17bO7ef+zLLPlWvG494pDxcM234pJ8wTc/6R40UWizAIIMgxjvxZg5kmsbag=="
    },
    "jquery": {
      "version": "1.11.3",
      "resolved": "https://registry.npmjs.org/jquery/-/jquery-1.11.3.tgz",
      "integrity": "sha1-3Yt0J4snEC0p32Pq4oMIqM+htYM="
    }
  }
}
